{
  "originHash" : "e33cf9262b143b002ca199fd6023486291ef77891b37c3835eb45f83cdf54091",
  "pins" : [
    {
      "identity" : "batsoundhandling",
      "kind" : "remoteSourceControl",
      "location" : "https://github.com/ecoObs-Lab/BatSoundHandling",
      "state" : {
        "branch" : "main",
        "revision" : "1f1531397a4028a436499cf885055ca9d9b2c96d"
      }
    },
    {
      "identity" : "swift-image",
      "kind" : "remoteSourceControl",
      "location" : "https://github.com/koher/swift-image.git",
      "state" : {
        "revision" : "36c8a282c6cc75d8f3a6f25057f093f950dced83",
        "version" : "0.8.0"
      }
    }
  ],
  "version" : 3
}
